
Microsoft Visual Studio Solution File, Format Version 11.00
# Visual Studio 2010
Project("{FAE04EC0-301F-11D3-BF4B-00C04F79EFBC}") = "Assembly-CSharp", "Assembly-CSharp.csproj", "{192400DD-B11C-F4B4-AD32-07F3B56F133F}"
EndProject
Project("{FAE04EC0-301F-11D3-BF4B-00C04F79EFBC}") = "Assembly-CSharp-Editor", "Assembly-CSharp-Editor.csproj", "{2F0BF179-A2B5-4B2E-152B-E771E0F61FCF}"
EndProject
Global
	GlobalSection(SolutionConfigurationPlatforms) = preSolution
		Debug|Any CPU = Debug|Any CPU
		Release|Any CPU = Release|Any CPU
	EndGlobalSection
	GlobalSection(ProjectConfigurationPlatforms) = postSolution
		{192400DD-B11C-F4B4-AD32-07F3B56F133F}.Debug|Any CPU.ActiveCfg = Debug|Any CPU
		{192400DD-B11C-F4B4-AD32-07F3B56F133F}.Debug|Any CPU.Build.0 = Debug|Any CPU
		{192400DD-B11C-F4B4-AD32-07F3B56F133F}.Release|Any CPU.ActiveCfg = Release|Any CPU
		{192400DD-B11C-F4B4-AD32-07F3B56F133F}.Release|Any CPU.Build.0 = Release|Any CPU
		{2F0BF179-A2B5-4B2E-152B-E771E0F61FCF}.Debug|Any CPU.ActiveCfg = Debug|Any CPU
		{2F0BF179-A2B5-4B2E-152B-E771E0F61FCF}.Debug|Any CPU.Build.0 = Debug|Any CPU
		{2F0BF179-A2B5-4B2E-152B-E771E0F61FCF}.Release|Any CPU.ActiveCfg = Release|Any CPU
		{2F0BF179-A2B5-4B2E-152B-E771E0F61FCF}.Release|Any CPU.Build.0 = Release|Any CPU
	EndGlobalSection
	GlobalSection(SolutionProperties) = preSolution
		HideSolutionNode = FALSE
	EndGlobalSection
EndGlobal
